
Microsoft Visual Studio Solution File, Format Version 12.00
# Visual Studio 15
VisualStudioVersion = 15.0.27130.2027
MinimumVisualStudioVersion = 10.0.40219.1
Project("{FAE04EC0-301F-11D3-BF4B-00C04F79EFBC}") = "Tlahui.Web.App", "Tlahui.Web.App\Tlahui.Web.App.csproj", "{07D1C353-4626-4D20-A804-531517BCF3F5}"
EndProject
Project("{FAE04EC0-301F-11D3-BF4B-00C04F79EFBC}") = "Tlahui.Web.API", "Tlahui.Web.API\Tlahui.Web.API.csproj", "{FEBD0A38-D884-403D-89C5-1FEFE80BB550}"
EndProject
Project("{2150E333-8FDC-42A3-9474-1A3956D46DE8}") = ".nuget", ".nuget", "{84AE09B1-A124-4886-B44D-B68ABF36AB67}"
	ProjectSection(SolutionItems) = preProject
		.nuget\NuGet.Config = .nuget\NuGet.Config
		.nuget\NuGet.exe = .nuget\NuGet.exe
		.nuget\NuGet.targets = .nuget\NuGet.targets
	EndProjectSection
EndProject
Project("{2150E333-8FDC-42A3-9474-1A3956D46DE8}") = "API", "API", "{2F94A3EE-DCC6-4BDF-AE7E-D62C449202EA}"
EndProject
Project("{2150E333-8FDC-42A3-9474-1A3956D46DE8}") = "UI", "UI", "{1EE5B72F-1138-4242-B446-39C67F12B982}"
EndProject
Project("{2150E333-8FDC-42A3-9474-1A3956D46DE8}") = "Entities", "Entities", "{9EFF0BE4-BFD5-49E4-A869-076972F5A7BC}"
EndProject
Project("{2150E333-8FDC-42A3-9474-1A3956D46DE8}") = "Infrastructure", "Infrastructure", "{E1D1CB2C-FAB2-46AD-A7E9-F63316B2977E}"
EndProject
Project("{FAE04EC0-301F-11D3-BF4B-00C04F79EFBC}") = "GenericRepository", "GenericRepository\GenericRepository.csproj", "{D2F98F3E-1A5D-4BFD-8761-3F86234DA385}"
EndProject
Project("{2150E333-8FDC-42A3-9474-1A3956D46DE8}") = "Domain", "Domain", "{BDA915C7-3A95-40EB-9C02-D82B7919098D}"
EndProject
Project("{FAE04EC0-301F-11D3-BF4B-00C04F79EFBC}") = "Tlahui.Domain.Common", "Tlahui.Domain.Common\Tlahui.Domain.Common.csproj", "{6E333685-04B7-4136-907F-6D055764CB47}"
EndProject
Project("{FAE04EC0-301F-11D3-BF4B-00C04F79EFBC}") = "Tlahui.Domain.Base", "Tlahui.Domain.Base\Tlahui.Domain.Base.csproj", "{CA762430-07F1-4E34-8FCB-CD94B811E824}"
EndProject
Project("{FAE04EC0-301F-11D3-BF4B-00C04F79EFBC}") = "Tlahui.Domain.CRM", "Tlahui.Domain.CRM\Tlahui.Domain.CRM.csproj", "{F975E536-2F94-4D91-A208-64719642D23F}"
EndProject
Project("{FAE04EC0-301F-11D3-BF4B-00C04F79EFBC}") = "Tlahui.Domain.Accounts", "Tlahui.Domain.Accounts\Tlahui.Domain.Accounts.csproj", "{433DC850-F47D-4C2A-AC30-2F023A7E9021}"
EndProject
Project("{2150E333-8FDC-42A3-9474-1A3956D46DE8}") = "Context", "Context", "{7296D723-E6EA-49C3-85A6-450C2CA28A15}"
EndProject
Project("{FAE04EC0-301F-11D3-BF4B-00C04F79EFBC}") = "Tlahui.Context.WebAPI", "Tlahui.Context.WebAPI\Tlahui.Context.WebAPI.csproj", "{797EA3EE-672D-4DCA-AEE6-4E7C744C6FA2}"
EndProject
Project("{FAE04EC0-301F-11D3-BF4B-00C04F79EFBC}") = "Tlahui.Domain.Store", "Tlahui.Domain.Store\Tlahui.Domain.Store.csproj", "{664D31C5-EA83-41A6-8EC9-5AD3195DDAA7}"
EndProject
Project("{2150E333-8FDC-42A3-9474-1A3956D46DE8}") = "Services", "Services", "{367A8040-F486-4ECB-A62E-A43758F21BE4}"
EndProject
Project("{FAE04EC0-301F-11D3-BF4B-00C04F79EFBC}") = "Tlahui.Services.Store", "Tlahui.Services.Store\Tlahui.Services.Store.csproj", "{A560969D-A063-4C35-A557-182540B7F415}"
EndProject
Project("{2150E333-8FDC-42A3-9474-1A3956D46DE8}") = "Repositories", "Repositories", "{B96C50F1-19BB-4E28-B8A9-BAD544A71E6C}"
EndProject
Project("{FAE04EC0-301F-11D3-BF4B-00C04F79EFBC}") = "Tlahui.Repositories.Store", "Tlahui.Repositories.Store\Tlahui.Repositories.Store.csproj", "{6A9E5E30-2A2D-4A07-9F64-88682C9BA1DE}"
EndProject
Project("{2150E333-8FDC-42A3-9474-1A3956D46DE8}") = "UISupport", "UISupport", "{C775C5FA-CF0D-4D31-8A92-BED176BC032A}"
EndProject
Project("{FAE04EC0-301F-11D3-BF4B-00C04F79EFBC}") = "DynamicForms", "EntityTables\DynamicForms.csproj", "{1B4E8229-F2B7-41B3-B43F-71CD92DF0EC3}"
EndProject
Project("{FAE04EC0-301F-11D3-BF4B-00C04F79EFBC}") = "CustomAttributes", "CustomAttributes\CustomAttributes.csproj", "{A5394107-969D-46D1-B138-FFC5AE07B39D}"
EndProject
Project("{FAE04EC0-301F-11D3-BF4B-00C04F79EFBC}") = "Tlahui.Domain.Infraestructure", "Tlahui.Domain.Infraestructure\Tlahui.Domain.Infraestructure.csproj", "{F1CE9822-D064-4E46-A298-CC6AAC689BEE}"
EndProject
Project("{2150E333-8FDC-42A3-9474-1A3956D46DE8}") = "Web", "Web", "{AD1684B7-C504-4A3D-8CE0-B90BD1B4037C}"
EndProject
Project("{FAE04EC0-301F-11D3-BF4B-00C04F79EFBC}") = "Tlahui.Services.Caching", "Tlahui.Services.Caching\Tlahui.Services.Caching.csproj", "{B85C0AC4-392F-428A-808D-F0A8685B4AEA}"
EndProject
Project("{FAE04EC0-301F-11D3-BF4B-00C04F79EFBC}") = "Tlahui.Repositories.Infrastructure", "Tlahui.Repositories.Infrastructre\Tlahui.Repositories.Infrastructure.csproj", "{FE25E10A-49BA-478D-BF7B-B5886CF616CA}"
EndProject
Project("{2150E333-8FDC-42A3-9474-1A3956D46DE8}") = "search", "search", "{7BC72AD6-ED0E-445B-A53C-49EA8D0DACDB}"
EndProject
Project("{FAE04EC0-301F-11D3-BF4B-00C04F79EFBC}") = "Tlahui.Domain.Shared", "Tlahui.Domain.Shared\Tlahui.Domain.Shared.csproj", "{498734D0-5758-4D59-A3A0-332E15C65E4D}"
EndProject
Global
	GlobalSection(SolutionConfigurationPlatforms) = preSolution
		Debug|Any CPU = Debug|Any CPU
		Release|Any CPU = Release|Any CPU
	EndGlobalSection
	GlobalSection(ProjectConfigurationPlatforms) = postSolution
		{07D1C353-4626-4D20-A804-531517BCF3F5}.Debug|Any CPU.ActiveCfg = Debug|Any CPU
		{07D1C353-4626-4D20-A804-531517BCF3F5}.Debug|Any CPU.Build.0 = Debug|Any CPU
		{07D1C353-4626-4D20-A804-531517BCF3F5}.Release|Any CPU.ActiveCfg = Release|Any CPU
		{07D1C353-4626-4D20-A804-531517BCF3F5}.Release|Any CPU.Build.0 = Release|Any CPU
		{FEBD0A38-D884-403D-89C5-1FEFE80BB550}.Debug|Any CPU.ActiveCfg = Debug|Any CPU
		{FEBD0A38-D884-403D-89C5-1FEFE80BB550}.Debug|Any CPU.Build.0 = Debug|Any CPU
		{FEBD0A38-D884-403D-89C5-1FEFE80BB550}.Release|Any CPU.ActiveCfg = Release|Any CPU
		{FEBD0A38-D884-403D-89C5-1FEFE80BB550}.Release|Any CPU.Build.0 = Release|Any CPU
		{D2F98F3E-1A5D-4BFD-8761-3F86234DA385}.Debug|Any CPU.ActiveCfg = Debug|Any CPU
		{D2F98F3E-1A5D-4BFD-8761-3F86234DA385}.Debug|Any CPU.Build.0 = Debug|Any CPU
		{D2F98F3E-1A5D-4BFD-8761-3F86234DA385}.Release|Any CPU.ActiveCfg = Release|Any CPU
		{D2F98F3E-1A5D-4BFD-8761-3F86234DA385}.Release|Any CPU.Build.0 = Release|Any CPU
		{6E333685-04B7-4136-907F-6D055764CB47}.Debug|Any CPU.ActiveCfg = Debug|Any CPU
		{6E333685-04B7-4136-907F-6D055764CB47}.Debug|Any CPU.Build.0 = Debug|Any CPU
		{6E333685-04B7-4136-907F-6D055764CB47}.Release|Any CPU.ActiveCfg = Release|Any CPU
		{6E333685-04B7-4136-907F-6D055764CB47}.Release|Any CPU.Build.0 = Release|Any CPU
		{CA762430-07F1-4E34-8FCB-CD94B811E824}.Debug|Any CPU.ActiveCfg = Debug|Any CPU
		{CA762430-07F1-4E34-8FCB-CD94B811E824}.Debug|Any CPU.Build.0 = Debug|Any CPU
		{CA762430-07F1-4E34-8FCB-CD94B811E824}.Release|Any CPU.ActiveCfg = Release|Any CPU
		{CA762430-07F1-4E34-8FCB-CD94B811E824}.Release|Any CPU.Build.0 = Release|Any CPU
		{F975E536-2F94-4D91-A208-64719642D23F}.Debug|Any CPU.ActiveCfg = Debug|Any CPU
		{F975E536-2F94-4D91-A208-64719642D23F}.Debug|Any CPU.Build.0 = Debug|Any CPU
		{F975E536-2F94-4D91-A208-64719642D23F}.Release|Any CPU.ActiveCfg = Release|Any CPU
		{F975E536-2F94-4D91-A208-64719642D23F}.Release|Any CPU.Build.0 = Release|Any CPU
		{433DC850-F47D-4C2A-AC30-2F023A7E9021}.Debug|Any CPU.ActiveCfg = Debug|Any CPU
		{433DC850-F47D-4C2A-AC30-2F023A7E9021}.Debug|Any CPU.Build.0 = Debug|Any CPU
		{433DC850-F47D-4C2A-AC30-2F023A7E9021}.Release|Any CPU.ActiveCfg = Release|Any CPU
		{433DC850-F47D-4C2A-AC30-2F023A7E9021}.Release|Any CPU.Build.0 = Release|Any CPU
		{797EA3EE-672D-4DCA-AEE6-4E7C744C6FA2}.Debug|Any CPU.ActiveCfg = Debug|Any CPU
		{797EA3EE-672D-4DCA-AEE6-4E7C744C6FA2}.Debug|Any CPU.Build.0 = Debug|Any CPU
		{797EA3EE-672D-4DCA-AEE6-4E7C744C6FA2}.Release|Any CPU.ActiveCfg = Release|Any CPU
		{797EA3EE-672D-4DCA-AEE6-4E7C744C6FA2}.Release|Any CPU.Build.0 = Release|Any CPU
		{664D31C5-EA83-41A6-8EC9-5AD3195DDAA7}.Debug|Any CPU.ActiveCfg = Debug|Any CPU
		{664D31C5-EA83-41A6-8EC9-5AD3195DDAA7}.Debug|Any CPU.Build.0 = Debug|Any CPU
		{664D31C5-EA83-41A6-8EC9-5AD3195DDAA7}.Release|Any CPU.ActiveCfg = Release|Any CPU
		{664D31C5-EA83-41A6-8EC9-5AD3195DDAA7}.Release|Any CPU.Build.0 = Release|Any CPU
		{A560969D-A063-4C35-A557-182540B7F415}.Debug|Any CPU.ActiveCfg = Debug|Any CPU
		{A560969D-A063-4C35-A557-182540B7F415}.Debug|Any CPU.Build.0 = Debug|Any CPU
		{A560969D-A063-4C35-A557-182540B7F415}.Release|Any CPU.ActiveCfg = Release|Any CPU
		{A560969D-A063-4C35-A557-182540B7F415}.Release|Any CPU.Build.0 = Release|Any CPU
		{6A9E5E30-2A2D-4A07-9F64-88682C9BA1DE}.Debug|Any CPU.ActiveCfg = Debug|Any CPU
		{6A9E5E30-2A2D-4A07-9F64-88682C9BA1DE}.Debug|Any CPU.Build.0 = Debug|Any CPU
		{6A9E5E30-2A2D-4A07-9F64-88682C9BA1DE}.Release|Any CPU.ActiveCfg = Release|Any CPU
		{6A9E5E30-2A2D-4A07-9F64-88682C9BA1DE}.Release|Any CPU.Build.0 = Release|Any CPU
		{1B4E8229-F2B7-41B3-B43F-71CD92DF0EC3}.Debug|Any CPU.ActiveCfg = Debug|Any CPU
		{1B4E8229-F2B7-41B3-B43F-71CD92DF0EC3}.Debug|Any CPU.Build.0 = Debug|Any CPU
		{1B4E8229-F2B7-41B3-B43F-71CD92DF0EC3}.Release|Any CPU.ActiveCfg = Release|Any CPU
		{1B4E8229-F2B7-41B3-B43F-71CD92DF0EC3}.Release|Any CPU.Build.0 = Release|Any CPU
		{A5394107-969D-46D1-B138-FFC5AE07B39D}.Debug|Any CPU.ActiveCfg = Debug|Any CPU
		{A5394107-969D-46D1-B138-FFC5AE07B39D}.Debug|Any CPU.Build.0 = Debug|Any CPU
		{A5394107-969D-46D1-B138-FFC5AE07B39D}.Release|Any CPU.ActiveCfg = Release|Any CPU
		{A5394107-969D-46D1-B138-FFC5AE07B39D}.Release|Any CPU.Build.0 = Release|Any CPU
		{F1CE9822-D064-4E46-A298-CC6AAC689BEE}.Debug|Any CPU.ActiveCfg = Debug|Any CPU
		{F1CE9822-D064-4E46-A298-CC6AAC689BEE}.Debug|Any CPU.Build.0 = Debug|Any CPU
		{F1CE9822-D064-4E46-A298-CC6AAC689BEE}.Release|Any CPU.ActiveCfg = Release|Any CPU
		{F1CE9822-D064-4E46-A298-CC6AAC689BEE}.Release|Any CPU.Build.0 = Release|Any CPU
		{B85C0AC4-392F-428A-808D-F0A8685B4AEA}.Debug|Any CPU.ActiveCfg = Debug|Any CPU
		{B85C0AC4-392F-428A-808D-F0A8685B4AEA}.Debug|Any CPU.Build.0 = Debug|Any CPU
		{B85C0AC4-392F-428A-808D-F0A8685B4AEA}.Release|Any CPU.ActiveCfg = Release|Any CPU
		{B85C0AC4-392F-428A-808D-F0A8685B4AEA}.Release|Any CPU.Build.0 = Release|Any CPU
		{FE25E10A-49BA-478D-BF7B-B5886CF616CA}.Debug|Any CPU.ActiveCfg = Debug|Any CPU
		{FE25E10A-49BA-478D-BF7B-B5886CF616CA}.Debug|Any CPU.Build.0 = Debug|Any CPU
		{FE25E10A-49BA-478D-BF7B-B5886CF616CA}.Release|Any CPU.ActiveCfg = Release|Any CPU
		{FE25E10A-49BA-478D-BF7B-B5886CF616CA}.Release|Any CPU.Build.0 = Release|Any CPU
		{498734D0-5758-4D59-A3A0-332E15C65E4D}.Debug|Any CPU.ActiveCfg = Debug|Any CPU
		{498734D0-5758-4D59-A3A0-332E15C65E4D}.Debug|Any CPU.Build.0 = Debug|Any CPU
		{498734D0-5758-4D59-A3A0-332E15C65E4D}.Release|Any CPU.ActiveCfg = Release|Any CPU
		{498734D0-5758-4D59-A3A0-332E15C65E4D}.Release|Any CPU.Build.0 = Release|Any CPU
	EndGlobalSection
	GlobalSection(SolutionProperties) = preSolution
		HideSolutionNode = FALSE
	EndGlobalSection
	GlobalSection(NestedProjects) = preSolution
		{07D1C353-4626-4D20-A804-531517BCF3F5} = {AD1684B7-C504-4A3D-8CE0-B90BD1B4037C}
		{FEBD0A38-D884-403D-89C5-1FEFE80BB550} = {2F94A3EE-DCC6-4BDF-AE7E-D62C449202EA}
		{D2F98F3E-1A5D-4BFD-8761-3F86234DA385} = {B96C50F1-19BB-4E28-B8A9-BAD544A71E6C}
		{BDA915C7-3A95-40EB-9C02-D82B7919098D} = {9EFF0BE4-BFD5-49E4-A869-076972F5A7BC}
		{6E333685-04B7-4136-907F-6D055764CB47} = {BDA915C7-3A95-40EB-9C02-D82B7919098D}
		{CA762430-07F1-4E34-8FCB-CD94B811E824} = {BDA915C7-3A95-40EB-9C02-D82B7919098D}
		{F975E536-2F94-4D91-A208-64719642D23F} = {BDA915C7-3A95-40EB-9C02-D82B7919098D}
		{433DC850-F47D-4C2A-AC30-2F023A7E9021} = {BDA915C7-3A95-40EB-9C02-D82B7919098D}
		{7296D723-E6EA-49C3-85A6-450C2CA28A15} = {9EFF0BE4-BFD5-49E4-A869-076972F5A7BC}
		{797EA3EE-672D-4DCA-AEE6-4E7C744C6FA2} = {7296D723-E6EA-49C3-85A6-450C2CA28A15}
		{664D31C5-EA83-41A6-8EC9-5AD3195DDAA7} = {BDA915C7-3A95-40EB-9C02-D82B7919098D}
		{367A8040-F486-4ECB-A62E-A43758F21BE4} = {E1D1CB2C-FAB2-46AD-A7E9-F63316B2977E}
		{A560969D-A063-4C35-A557-182540B7F415} = {367A8040-F486-4ECB-A62E-A43758F21BE4}
		{B96C50F1-19BB-4E28-B8A9-BAD544A71E6C} = {E1D1CB2C-FAB2-46AD-A7E9-F63316B2977E}
		{6A9E5E30-2A2D-4A07-9F64-88682C9BA1DE} = {B96C50F1-19BB-4E28-B8A9-BAD544A71E6C}
		{C775C5FA-CF0D-4D31-8A92-BED176BC032A} = {E1D1CB2C-FAB2-46AD-A7E9-F63316B2977E}
		{1B4E8229-F2B7-41B3-B43F-71CD92DF0EC3} = {C775C5FA-CF0D-4D31-8A92-BED176BC032A}
		{A5394107-969D-46D1-B138-FFC5AE07B39D} = {C775C5FA-CF0D-4D31-8A92-BED176BC032A}
		{F1CE9822-D064-4E46-A298-CC6AAC689BEE} = {BDA915C7-3A95-40EB-9C02-D82B7919098D}
		{AD1684B7-C504-4A3D-8CE0-B90BD1B4037C} = {1EE5B72F-1138-4242-B446-39C67F12B982}
		{B85C0AC4-392F-428A-808D-F0A8685B4AEA} = {367A8040-F486-4ECB-A62E-A43758F21BE4}
		{FE25E10A-49BA-478D-BF7B-B5886CF616CA} = {B96C50F1-19BB-4E28-B8A9-BAD544A71E6C}
		{7BC72AD6-ED0E-445B-A53C-49EA8D0DACDB} = {C775C5FA-CF0D-4D31-8A92-BED176BC032A}
		{498734D0-5758-4D59-A3A0-332E15C65E4D} = {BDA915C7-3A95-40EB-9C02-D82B7919098D}
	EndGlobalSection
	GlobalSection(ExtensibilityGlobals) = postSolution
		SolutionGuid = {20879588-6F24-4463-A77F-F526615F0E17}
	EndGlobalSection
EndGlobal
